// !$*UTF8*$!
{
	archiveVersion = 1;
	classes = {
	};
	objectVersion = 77;
	objects = {

/* Begin PBXContainerItemProxy section */
		76A358F92E7FA3C800E70DB0 /* PBXContainerItemProxy */ = {
			isa = PBXContainerItemProxy;
			containerPortal = 76A358E32E7FA3C300E70DB0 /* Project object */;
			proxyType = 1;
			remoteGlobalIDString = 76A358EA2E7FA3C300E70DB0;
			remoteInfo = ring;
		};
		76A359032E7FA3C800E70DB0 /* PBXContainerItemProxy */ = {
			isa = PBXContainerItemProxy;
			containerPortal = 76A358E32E7FA3C300E70DB0 /* Project object */;
			proxyType = 1;
			remoteGlobalIDString = 76A358EA2E7FA3C300E70DB0;
			remoteInfo = ring;
		};
/* End PBXContainerItemProxy section */

/* Begin PBXFileReference section */
		76A358EB2E7FA3C300E70DB0 /* ring.app */ = {isa = PBXFileReference; explicitFileType = wrapper.application; includeInIndex = 0; path = ring.app; sourceTree = BUILT_PRODUCTS_DIR; };
		76A358F82E7FA3C800E70DB0 /* ringTests.xctest */ = {isa = PBXFileReference; explicitFileType = wrapper.cfbundle; includeInIndex = 0; path = ringTests.xctest; sourceTree = BUILT_PRODUCTS_DIR; };
		76A359022E7FA3C800E70DB0 /* ringUITests.xctest */ = {isa = PBXFileReference; explicitFileType = wrapper.cfbundle; includeInIndex = 0; path = ringUITests.xctest; sourceTree = BUILT_PRODUCTS_DIR; };
/* End PBXFileReference section */

/* Begin PBXFileSystemSynchronizedRootGroup section */
		76A358ED2E7FA3C300E70DB0 /* ring */ = {
			isa = PBXFileSystemSynchronizedRootGroup;
			path = ring;
			sourceTree = "<group>";
		};
		76A358FB2E7FA3C800E70DB0 /* ringTests */ = {
			isa = PBXFileSystemSynchronizedRootGroup;
			path = ringTests;
			sourceTree = "<group>";
		};
		76A359052E7FA3C800E70DB0 /* ringUITests */ = {
			isa = PBXFileSystemSynchronizedRootGroup;
			path = ringUITests;
			sourceTree = "<group>";
		};
/* End PBXFileSystemSynchronizedRootGroup section */

/* Begin PBXFrameworksBuildPhase section */
		76A358E82E7FA3C300E70DB0 /* Frameworks */ = {
			isa = PBXFrameworksBuildPhase;
			buildActionMask = 2147483647;
			files = (
			);
			runOnlyForDeploymentPostprocessing = 0;
		};
		76A358F52E7FA3C800E70DB0 /* Frameworks */ = {
			isa = PBXFrameworksBuildPhase;
			buildActionMask = 2147483647;
			files = (
			);
			runOnlyForDeploymentPostprocessing = 0;
		};
		76A358FF2E7FA3C800E70DB0 /* Frameworks */ = {
			isa = PBXFrameworksBuildPhase;
			buildActionMask = 2147483647;
			files = (
			);
			runOnlyForDeploymentPostprocessing = 0;
		};
/* End PBXFrameworksBuildPhase section */

/* Begin PBXGroup section */
		76A358E22E7FA3C300E70DB0 = {
			isa = PBXGroup;
			children = (
				76A358ED2E7FA3C300E70DB0 /* ring */,
				76A358FB2E7FA3C800E70DB0 /* ringTests */,
				76A359052E7FA3C800E70DB0 /* ringUITests */,
				76A358EC2E7FA3C300E70DB0 /* Products */,
			);
			sourceTree = "<group>";
		};
		76A358EC2E7FA3C300E70DB0 /* Products */ = {
			isa = PBXGroup;
			children = (
				76A358EB2E7FA3C300E70DB0 /* ring.app */,
				76A358F82E7FA3C800E70DB0 /* ringTests.xctest */,
				76A359022E7FA3C800E70DB0 /* ringUITests.xctest */,
			);
			name = Products;
			sourceTree = "<group>";
		};
/* End PBXGroup section */

/* Begin PBXNativeTarget section */
		76A358EA2E7FA3C300E70DB0 /* ring */ = {
			isa = PBXNativeTarget;
			buildConfigurationList = 76A3590C2E7FA3C800E70DB0 /* Build configuration list for PBXNativeTarget "ring" */;
			buildPhases = (
				76A358E72E7FA3C300E70DB0 /* Sources */,
				76A358E82E7FA3C300E70DB0 /* Frameworks */,
				76A358E92E7FA3C300E70DB0 /* Resources */,
			);
			buildRules = (
			);
			dependencies = (
			);
			fileSystemSynchronizedGroups = (
				76A358ED2E7FA3C300E70DB0 /* ring */,
			);
			name = ring;
			packageProductDependencies = (
			);
			productName = ring;
			productReference = 76A358EB2E7FA3C300E70DB0 /* ring.app */;
			productType = "com.apple.product-type.application";
		};
		76A358F72E7FA3C800E70DB0 /* ringTests */ = {
			isa = PBXNativeTarget;
			buildConfigurationList = 76A3590F2E7FA3C800E70DB0 /* Build configuration list for PBXNativeTarget "ringTests" */;
			buildPhases = (
				76A358F42E7FA3C800E70DB0 /* Sources */,
				76A358F52E7FA3C800E70DB0 /* Frameworks */,
				76A358F62E7FA3C800E70DB0 /* Resources */,
			);
			buildRules = (
			);
			dependencies = (
				76A358FA2E7FA3C800E70DB0 /* PBXTargetDependency */,
			);
			fileSystemSynchronizedGroups = (
				76A358FB2E7FA3C800E70DB0 /* ringTests */,
			);
			name = ringTests;
			packageProductDependencies = (
			);
			productName = ringTests;
			productReference = 76A358F82E7FA3C800E70DB0 /* ringTests.xctest */;
			productType = "com.apple.product-type.bundle.unit-test";
		};
		76A359012E7FA3C800E70DB0 /* ringUITests */ = {
			isa = PBXNativeTarget;
			buildConfigurationList = 76A359122E7FA3C800E70DB0 /* Build configuration list for PBXNativeTarget "ringUITests" */;
			buildPhases = (
				76A358FE2E7FA3C800E70DB0 /* Sources */,
				76A358FF2E7FA3C800E70DB0 /* Frameworks */,
				76A359002E7FA3C800E70DB0 /* Resources */,
			);
			buildRules = (
			);
			dependencies = (
				76A359042E7FA3C800E70DB0 /* PBXTargetDependency */,
			);
			fileSystemSynchronizedGroups = (
				76A359052E7FA3C800E70DB0 /* ringUITests */,
			);
			name = ringUITests;
			packageProductDependencies = (
			);
			productName = ringUITests;
			productReference = 76A359022E7FA3C800E70DB0 /* ringUITests.xctest */;
			productType = "com.apple.product-type.bundle.ui-testing";
		};
/* End PBXNativeTarget section */

/* Begin PBXProject section */
		76A358E32E7FA3C300E70DB0 /* Project object */ = {
			isa = PBXProject;
			attributes = {
				BuildIndependentTargetsInParallel = 1;
				LastSwiftUpdateCheck = 1640;
				LastUpgradeCheck = 1640;
				TargetAttributes = {
					76A358EA2E7FA3C300E70DB0 = {
						CreatedOnToolsVersion = 16.4;
					};
					76A358F72E7FA3C800E70DB0 = {
						CreatedOnToolsVersion = 16.4;
						TestTargetID = 76A358EA2E7FA3C300E70DB0;
					};
					76A359012E7FA3C800E70DB0 = {
						CreatedOnToolsVersion = 16.4;
						TestTargetID = 76A358EA2E7FA3C300E70DB0;
					};
				};
			};
			buildConfigurationList = 76A358E62E7FA3C300E70DB0 /* Build configuration list for PBXProject "ring" */;
			developmentRegion = en;
			hasScannedForEncodings = 0;
			knownRegions = (
				en,
				Base,
			);
			mainGroup = 76A358E22E7FA3C300E70DB0;
			minimizedProjectReferenceProxies = 1;
			preferredProjectObjectVersion = 77;
			productRefGroup = 76A358EC2E7FA3C300E70DB0 /* Products */;
			projectDirPath = "";
			projectRoot = "";
			targets = (
				76A358EA2E7FA3C300E70DB0 /* ring */,
				76A358F72E7FA3C800E70DB0 /* ringTests */,
				76A359012E7FA3C800E70DB0 /* ringUITests */,
			);
		};
/* End PBXProject section */

/* Begin PBXResourcesBuildPhase section */
		76A358E92E7FA3C300E70DB0 /* Resources */ = {
			isa = PBXResourcesBuildPhase;
			buildActionMask = 2147483647;
			files = (
			);
			runOnlyForDeploymentPostprocessing = 0;
		};
		76A358F62E7FA3C800E70DB0 /* Resources */ = {
			isa = PBXResourcesBuildPhase;
			buildActionMask = 2147483647;
			files = (
			);
			runOnlyForDeploymentPostprocessing = 0;
		};
		76A359002E7FA3C800E70DB0 /* Resources */ = {
			isa = PBXResourcesBuildPhase;
			buildActionMask = 2147483647;
			files = (
			);
			runOnlyForDeploymentPostprocessing = 0;
		};
/* End PBXResourcesBuildPhase section */

/* Begin PBXSourcesBuildPhase section */
		76A358E72E7FA3C300E70DB0 /* Sources */ = {
			isa = PBXSourcesBuildPhase;
			buildActionMask = 2147483647;
			files = (
			);
			runOnlyForDeploymentPostprocessing = 0;
		};
		76A358F42E7FA3C800E70DB0 /* Sources */ = {
			isa = PBXSourcesBuildPhase;
			buildActionMask = 2147483647;
			files = (
			);
			runOnlyForDeploymentPostprocessing = 0;
		};
		76A358FE2E7FA3C800E70DB0 /* Sources */ = {
			isa = PBXSourcesBuildPhase;
			buildActionMask = 2147483647;
			files = (
			);
			runOnlyForDeploymentPostprocessing = 0;
		};
/* End PBXSourcesBuildPhase section */

/* Begin PBXTargetDependency section */
		76A358FA2E7FA3C800E70DB0 /* PBXTargetDependency */ = {
			isa = PBXTargetDependency;
			target = 76A358EA2E7FA3C300E70DB0 /* ring */;
			targetProxy = 76A358F92E7FA3C800E70DB0 /* PBXContainerItemProxy */;
		};
		76A359042E7FA3C800E70DB0 /* PBXTargetDependency */ = {
			isa = PBXTargetDependency;
			target = 76A358EA2E7FA3C300E70DB0 /* ring */;
			targetProxy = 76A359032E7FA3C800E70DB0 /* PBXContainerItemProxy */;
		};
/* End PBXTargetDependency section */

/* Begin XCBuildConfiguration section */
		76A3590A2E7FA3C800E70DB0 /* Debug */ = {
			isa = XCBuildConfiguration;
			buildSettings = {
				ALWAYS_SEARCH_USER_PATHS = NO;
				ASSETCATALOG_COMPILER_GENERATE_SWIFT_ASSET_SYMBOL_EXTENSIONS = YES;
				CLANG_ANALYZER_NONNULL = YES;
				CLANG_ANALYZER_NUMBER_OBJECT_CONVERSION = YES_AGGRESSIVE;
				CLANG_CXX_LANGUAGE_STANDARD = "gnu++20";
				CLANG_ENABLE_MODULES = YES;
				CLANG_ENABLE_OBJC_ARC = YES;
				CLANG_ENABLE_OBJC_WEAK = YES;
				CLANG_WARN_BLOCK_CAPTURE_AUTORELEASING = YES;
				CLANG_WARN_BOOL_CONVERSION = YES;
				CLANG_WARN_COMMA = YES;
				CLANG_WARN_CONSTANT_CONVERSION = YES;
				CLANG_WARN_DEPRECATED_OBJC_IMPLEMENTATIONS = YES;
				CLANG_WARN_DIRECT_OBJC_ISA_USAGE = YES_ERROR;
				CLANG_WARN_DOCUMENTATION_COMMENTS = YES;
				CLANG_WARN_EMPTY_BODY = YES;
				CLANG_WARN_ENUM_CONVERSION = YES;
				CLANG_WARN_INFINITE_RECURSION = YES;
				CLANG_WARN_INT_CONVERSION = YES;
				CLANG_WARN_NON_LITERAL_NULL_CONVERSION = YES;
				CLANG_WARN_OBJC_IMPLICIT_RETAIN_SELF = YES;
				CLANG_WARN_OBJC_LITERAL_CONVERSION = YES;
				CLANG_WARN_OBJC_ROOT_CLASS = YES_ERROR;
				CLANG_WARN_QUOTED_INCLUDE_IN_FRAMEWORK_HEADER = YES;
				CLANG_WARN_RANGE_LOOP_ANALYSIS = YES;
				CLANG_WARN_STRICT_PROTOTYPES = YES;
				CLANG_WARN_SUSPICIOUS_MOVE = YES;
				CLANG_WARN_UNGUARDED_AVAILABILITY = YES_AGGRESSIVE;
				CLANG_WARN_UNREACHABLE_CODE = YES;
				CLANG_WARN__DUPLICATE_METHOD_MATCH = YES;
				COPY_PHASE_STRIP = NO;
				DEBUG_INFORMATION_FORMAT = dwarf;
				DEVELOPMENT_TEAM = 42R8ZPM5N8;
				ENABLE_STRICT_OBJC_MSGSEND = YES;
				ENABLE_TESTABILITY = YES;
				ENABLE_USER_SCRIPT_SANDBOXING = YES;
				GCC_C_LANGUAGE_STANDARD = gnu17;
				GCC_DYNAMIC_NO_PIC = NO;
				GCC_NO_COMMON_BLOCKS = YES;
				GCC_OPTIMIZATION_LEVEL = 0;
				GCC_PREPROCESSOR_DEFINITIONS = (
					"DEBUG=1",
					"$(inherited)",
				);
				GCC_WARN_64_TO_32_BIT_CONVERSION = YES;
				GCC_WARN_ABOUT_RETURN_TYPE = YES_ERROR;
				GCC_WARN_UNDECLARED_SELECTOR = YES;
				GCC_WARN_UNINITIALIZED_AUTOS = YES_AGGRESSIVE;
				GCC_WARN_UNUSED_FUNCTION = YES;
				GCC_WARN_UNUSED_VARIABLE = YES;
				IPHONEOS_DEPLOYMENT_TARGET = 18.5;
				LOCALIZATION_PREFERS_STRING_CATALOGS = YES;
				MTL_ENABLE_DEBUG_INFO = INCLUDE_SOURCE;
				MTL_FAST_MATH = YES;
				ONLY_ACTIVE_ARCH = YES;
				SDKROOT = iphoneos;
				SWIFT_ACTIVE_COMPILATION_CONDITIONS = "DEBUG $(inherited)";
				SWIFT_OPTIMIZATION_LEVEL = "-Onone";
			};
			name = Debug;
		};
		76A3590B2E7FA3C800E70DB0 /* Release */ = {
			isa = XCBuildConfiguration;
			buildSettings = {
				ALWAYS_SEARCH_USER_PATHS = NO;
				ASSETCATALOG_COMPILER_GENERATE_SWIFT_ASSET_SYMBOL_EXTENSIONS = YES;
				CLANG_ANALYZER_NONNULL = YES;
				CLANG_ANALYZER_NUMBER_OBJECT_CONVERSION = YES_AGGRESSIVE;
				CLANG_CXX_LANGUAGE_STANDARD = "gnu++20";
				CLANG_ENABLE_MODULES = YES;
				CLANG_ENABLE_OBJC_ARC = YES;
				CLANG_ENABLE_OBJC_WEAK = YES;
				CLANG_WARN_BLOCK_CAPTURE_AUTORELEASING = YES;
				CLANG_WARN_BOOL_CONVERSION = YES;
				CLANG_WARN_COMMA = YES;
				CLANG_WARN_CONSTANT_CONVERSION = YES;
				CLANG_WARN_DEPRECATED_OBJC_IMPLEMENTATIONS = YES;
				CLANG_WARN_DIRECT_OBJC_ISA_USAGE = YES_ERROR;
				CLANG_WARN_DOCUMENTATION_COMMENTS = YES;
				CLANG_WARN_EMPTY_BODY = YES;
				CLANG_WARN_ENUM_CONVERSION = YES;
				CLANG_WARN_INFINITE_RECURSION = YES;
				CLANG_WARN_INT_CONVERSION = YES;
				CLANG_WARN_NON_LITERAL_NULL_CONVERSION = YES;
				CLANG_WARN_OBJC_IMPLICIT_RETAIN_SELF = YES;
				CLANG_WARN_OBJC_LITERAL_CONVERSION = YES;
				CLANG_WARN_OBJC_ROOT_CLASS = YES_ERROR;
				CLANG_WARN_QUOTED_INCLUDE_IN_FRAMEWORK_HEADER = YES;
				CLANG_WARN_RANGE_LOOP_ANALYSIS = YES;
				CLANG_WARN_STRICT_PROTOTYPES = YES;
				CLANG_WARN_SUSPICIOUS_MOVE = YES;
				CLANG_WARN_UNGUARDED_AVAILABILITY = YES_AGGRESSIVE;
				CLANG_WARN_UNREACHABLE_CODE = YES;
				CLANG_WARN__DUPLICATE_METHOD_MATCH = YES;
				COPY_PHASE_STRIP = NO;
				DEBUG_INFORMATION_FORMAT = "dwarf-with-dsym";
				DEVELOPMENT_TEAM = 42R8ZPM5N8;
				ENABLE_NS_ASSERTIONS = NO;
				ENABLE_STRICT_OBJC_MSGSEND = YES;
				ENABLE_USER_SCRIPT_SANDBOXING = YES;
				GCC_C_LANGUAGE_STANDARD = gnu17;
				GCC_NO_COMMON_BLOCKS = YES;
				GCC_WARN_64_TO_32_BIT_CONVERSION = YES;
				GCC_WARN_ABOUT_RETURN_TYPE = YES_ERROR;
				GCC_WARN_UNDECLARED_SELECTOR = YES;
				GCC_WARN_UNINITIALIZED_AUTOS = YES_AGGRESSIVE;
				GCC_WARN_UNUSED_FUNCTION = YES;
				GCC_WARN_UNUSED_VARIABLE = YES;
				IPHONEOS_DEPLOYMENT_TARGET = 18.5;
				LOCALIZATION_PREFERS_STRING_CATALOGS = YES;
				MTL_ENABLE_DEBUG_INFO = NO;
				MTL_FAST_MATH = YES;
				SDKROOT = iphoneos;
				SWIFT_COMPILATION_MODE = wholemodule;
				VALIDATE_PRODUCT = YES;
			};
			name = Release;
		};
		76A3590D2E7FA3C800E70DB0 /* Debug */ = {
			isa = XCBuildConfiguration;
			buildSettings = {
				ASSETCATALOG_COMPILER_APPICON_NAME = AppIcon;
				ASSETCATALOG_COMPILER_GLOBAL_ACCENT_COLOR_NAME = AccentColor;
				CODE_SIGN_STYLE = Automatic;
				CURRENT_PROJECT_VERSION = 1;
				DEVELOPMENT_TEAM = 42R8ZPM5N8;
				ENABLE_PREVIEWS = YES;
				GENERATE_INFOPLIST_FILE = YES;
				INFOPLIST_KEY_NSBluetoothAlwaysUsageDescription = "This app uses Bluetooth to connect to your COLMI ring.";
				INFOPLIST_KEY_NSBluetoothPeripheralUsageDescription = "Bluetooth access is required to communicate with your COLMI ring.";
				INFOPLIST_KEY_UIApplicationSceneManifest_Generation = YES;
				INFOPLIST_KEY_UIApplicationSupportsIndirectInputEvents = YES;
				INFOPLIST_KEY_UILaunchScreen_Generation = YES;
				INFOPLIST_KEY_UISupportedInterfaceOrientations_iPad = "UIInterfaceOrientationPortrait UIInterfaceOrientationPortraitUpsideDown UIInterfaceOrientationLandscapeLeft UIInterfaceOrientationLandscapeRight";
				INFOPLIST_KEY_UISupportedInterfaceOrientations_iPhone = "UIInterfaceOrientationPortrait UIInterfaceOrientationLandscapeLeft UIInterfaceOrientationLandscapeRight";
				LD_RUNPATH_SEARCH_PATHS = (
					"$(inherited)",
					"@executable_path/Frameworks",
				);
				MARKETING_VERSION = 1.0;
				PRODUCT_BUNDLE_IDENTIFIER = ebowwa.ring;
				PRODUCT_NAME = "$(TARGET_NAME)";
				SWIFT_EMIT_LOC_STRINGS = YES;
				SWIFT_VERSION = 5.0;
				TARGETED_DEVICE_FAMILY = "1,2";
			};
			name = Debug;
		};
		76A3590E2E7FA3C800E70DB0 /* Release */ = {
			isa = XCBuildConfiguration;
			buildSettings = {
				ASSETCATALOG_COMPILER_APPICON_NAME = AppIcon;
				ASSETCATALOG_COMPILER_GLOBAL_ACCENT_COLOR_NAME = AccentColor;
				CODE_SIGN_STYLE = Automatic;
				CURRENT_PROJECT_VERSION = 1;
				DEVELOPMENT_TEAM = 42R8ZPM5N8;
				ENABLE_PREVIEWS = YES;
				GENERATE_INFOPLIST_FILE = YES;
				INFOPLIST_KEY_NSBluetoothAlwaysUsageDescription = "This app uses Bluetooth to connect to your COLMI ring.";
				INFOPLIST_KEY_NSBluetoothPeripheralUsageDescription = "Bluetooth access is required to communicate with your COLMI ring.";
				INFOPLIST_KEY_UIApplicationSceneManifest_Generation = YES;
				INFOPLIST_KEY_UIApplicationSupportsIndirectInputEvents = YES;
				INFOPLIST_KEY_UILaunchScreen_Generation = YES;
				INFOPLIST_KEY_UISupportedInterfaceOrientations_iPad = "UIInterfaceOrientationPortrait UIInterfaceOrientationPortraitUpsideDown UIInterfaceOrientationLandscapeLeft UIInterfaceOrientationLandscapeRight";
				INFOPLIST_KEY_UISupportedInterfaceOrientations_iPhone = "UIInterfaceOrientationPortrait UIInterfaceOrientationLandscapeLeft UIInterfaceOrientationLandscapeRight";
				LD_RUNPATH_SEARCH_PATHS = (
					"$(inherited)",
					"@executable_path/Frameworks",
				);
				MARKETING_VERSION = 1.0;
				PRODUCT_BUNDLE_IDENTIFIER = ebowwa.ring;
				PRODUCT_NAME = "$(TARGET_NAME)";
				SWIFT_EMIT_LOC_STRINGS = YES;
				SWIFT_VERSION = 5.0;
				TARGETED_DEVICE_FAMILY = "1,2";
			};
			name = Release;
		};
		76A359102E7FA3C800E70DB0 /* Debug */ = {
			isa = XCBuildConfiguration;
			buildSettings = {
				BUNDLE_LOADER = "$(TEST_HOST)";
				CODE_SIGN_STYLE = Automatic;
				CURRENT_PROJECT_VERSION = 1;
				DEVELOPMENT_TEAM = 42R8ZPM5N8;
				GENERATE_INFOPLIST_FILE = YES;
				IPHONEOS_DEPLOYMENT_TARGET = 18.5;
				MARKETING_VERSION = 1.0;
				PRODUCT_BUNDLE_IDENTIFIER = ebowwa.ringTests;
				PRODUCT_NAME = "$(TARGET_NAME)";
				SWIFT_EMIT_LOC_STRINGS = NO;
				SWIFT_VERSION = 5.0;
				TARGETED_DEVICE_FAMILY = "1,2";
				TEST_HOST = "$(BUILT_PRODUCTS_DIR)/ring.app/$(BUNDLE_EXECUTABLE_FOLDER_PATH)/ring";
			};
			name = Debug;
		};
		76A359112E7FA3C800E70DB0 /* Release */ = {
			isa = XCBuildConfiguration;
			buildSettings = {
				BUNDLE_LOADER = "$(TEST_HOST)";
				CODE_SIGN_STYLE = Automatic;
				CURRENT_PROJECT_VERSION = 1;
				DEVELOPMENT_TEAM = 42R8ZPM5N8;
				GENERATE_INFOPLIST_FILE = YES;
				IPHONEOS_DEPLOYMENT_TARGET = 18.5;
				MARKETING_VERSION = 1.0;
				PRODUCT_BUNDLE_IDENTIFIER = ebowwa.ringTests;
				PRODUCT_NAME = "$(TARGET_NAME)";
				SWIFT_EMIT_LOC_STRINGS = NO;
				SWIFT_VERSION = 5.0;
				TARGETED_DEVICE_FAMILY = "1,2";
				TEST_HOST = "$(BUILT_PRODUCTS_DIR)/ring.app/$(BUNDLE_EXECUTABLE_FOLDER_PATH)/ring";
			};
			name = Release;
		};
		76A359132E7FA3C800E70DB0 /* Debug */ = {
			isa = XCBuildConfiguration;
			buildSettings = {
				CODE_SIGN_STYLE = Automatic;
				CURRENT_PROJECT_VERSION = 1;
				DEVELOPMENT_TEAM = 42R8ZPM5N8;
				GENERATE_INFOPLIST_FILE = YES;
				MARKETING_VERSION = 1.0;
				PRODUCT_BUNDLE_IDENTIFIER = ebowwa.ringUITests;
				PRODUCT_NAME = "$(TARGET_NAME)";
				SWIFT_EMIT_LOC_STRINGS = NO;
				SWIFT_VERSION = 5.0;
				TARGETED_DEVICE_FAMILY = "1,2";
				TEST_TARGET_NAME = ring;
			};
			name = Debug;
		};
		76A359142E7FA3C800E70DB0 /* Release */ = {
			isa = XCBuildConfiguration;
			buildSettings = {
				CODE_SIGN_STYLE = Automatic;
				CURRENT_PROJECT_VERSION = 1;
				DEVELOPMENT_TEAM = 42R8ZPM5N8;
				GENERATE_INFOPLIST_FILE = YES;
				MARKETING_VERSION = 1.0;
				PRODUCT_BUNDLE_IDENTIFIER = ebowwa.ringUITests;
				PRODUCT_NAME = "$(TARGET_NAME)";
				SWIFT_EMIT_LOC_STRINGS = NO;
				SWIFT_VERSION = 5.0;
				TARGETED_DEVICE_FAMILY = "1,2";
				TEST_TARGET_NAME = ring;
			};
			name = Release;
		};
/* End XCBuildConfiguration section */

/* Begin XCConfigurationList section */
		76A358E62E7FA3C300E70DB0 /* Build configuration list for PBXProject "ring" */ = {
			isa = XCConfigurationList;
			buildConfigurations = (
				76A3590A2E7FA3C800E70DB0 /* Debug */,
				76A3590B2E7FA3C800E70DB0 /* Release */,
			);
			defaultConfigurationIsVisible = 0;
			defaultConfigurationName = Release;
		};
		76A3590C2E7FA3C800E70DB0 /* Build configuration list for PBXNativeTarget "ring" */ = {
			isa = XCConfigurationList;
			buildConfigurations = (
				76A3590D2E7FA3C800E70DB0 /* Debug */,
				76A3590E2E7FA3C800E70DB0 /* Release */,
			);
			defaultConfigurationIsVisible = 0;
			defaultConfigurationName = Release;
		};
		76A3590F2E7FA3C800E70DB0 /* Build configuration list for PBXNativeTarget "ringTests" */ = {
			isa = XCConfigurationList;
			buildConfigurations = (
				76A359102E7FA3C800E70DB0 /* Debug */,
				76A359112E7FA3C800E70DB0 /* Release */,
			);
			defaultConfigurationIsVisible = 0;
			defaultConfigurationName = Release;
		};
		76A359122E7FA3C800E70DB0 /* Build configuration list for PBXNativeTarget "ringUITests" */ = {
			isa = XCConfigurationList;
			buildConfigurations = (
				76A359132E7FA3C800E70DB0 /* Debug */,
				76A359142E7FA3C800E70DB0 /* Release */,
			);
			defaultConfigurationIsVisible = 0;
			defaultConfigurationName = Release;
		};
/* End XCConfigurationList section */
	};
	rootObject = 76A358E32E7FA3C300E70DB0 /* Project object */;
}
